
Microsoft Visual Studio Solution File, Format Version 12.00
# Visual Studio Version 17
VisualStudioVersion = 17.4.33205.214
MinimumVisualStudioVersion = 10.0.40219.1
Project("{FAE04EC0-301F-11D3-BF4B-00C04F79EFBC}") = "Trabajo grupal", "Trabajo grupal\Trabajo grupal.csproj", "{0CBA81FE-B482-495B-8D4F-ABEEDD85ADDB}"
EndProject
Global
	GlobalSection(SolutionConfigurationPlatforms) = preSolution
		Debug|Any CPU = Debug|Any CPU
		Release|Any CPU = Release|Any CPU
	EndGlobalSection
	GlobalSection(ProjectConfigurationPlatforms) = postSolution
		{0CBA81FE-B482-495B-8D4F-ABEEDD85ADDB}.Debug|Any CPU.ActiveCfg = Debug|Any CPU
		{0CBA81FE-B482-495B-8D4F-ABEEDD85ADDB}.Debug|Any CPU.Build.0 = Debug|Any CPU
		{0CBA81FE-B482-495B-8D4F-ABEEDD85ADDB}.Release|Any CPU.ActiveCfg = Release|Any CPU
		{0CBA81FE-B482-495B-8D4F-ABEEDD85ADDB}.Release|Any CPU.Build.0 = Release|Any CPU
	EndGlobalSection
	GlobalSection(SolutionProperties) = preSolution
		HideSolutionNode = FALSE
	EndGlobalSection
	GlobalSection(ExtensibilityGlobals) = postSolution
		SolutionGuid = {8ED6C9BB-D24E-4BD1-A9AC-A62DAB22A293}
	EndGlobalSection
EndGlobal
